
Microsoft Visual Studio Solution File, Format Version 12.00
# Visual Studio 15
VisualStudioVersion = 15.0.28307.572
MinimumVisualStudioVersion = 10.0.40219.1
Project("{FAE04EC0-301F-11D3-BF4B-00C04F79EFBC}") = "BrunoSilvaLibrary", "BrunoSilvaLibrary\BrunoSilvaLibrary.csproj", "{DB219944-D376-474B-ABFF-DF374658B711}"
EndProject
Project("{FAE04EC0-301F-11D3-BF4B-00C04F79EFBC}") = "WCFService", "WCFService\WCFService.csproj", "{857C8FDE-343B-46E2-AB22-21BE87476857}"
EndProject
Global
	GlobalSection(SolutionConfigurationPlatforms) = preSolution
		Debug|Any CPU = Debug|Any CPU
		Release|Any CPU = Release|Any CPU
	EndGlobalSection
	GlobalSection(ProjectConfigurationPlatforms) = postSolution
		{DB219944-D376-474B-ABFF-DF374658B711}.Debug|Any CPU.ActiveCfg = Debug|Any CPU
		{DB219944-D376-474B-ABFF-DF374658B711}.Debug|Any CPU.Build.0 = Debug|Any CPU
		{DB219944-D376-474B-ABFF-DF374658B711}.Release|Any CPU.ActiveCfg = Release|Any CPU
		{DB219944-D376-474B-ABFF-DF374658B711}.Release|Any CPU.Build.0 = Release|Any CPU
		{857C8FDE-343B-46E2-AB22-21BE87476857}.Debug|Any CPU.ActiveCfg = Debug|Any CPU
		{857C8FDE-343B-46E2-AB22-21BE87476857}.Debug|Any CPU.Build.0 = Debug|Any CPU
		{857C8FDE-343B-46E2-AB22-21BE87476857}.Release|Any CPU.ActiveCfg = Release|Any CPU
		{857C8FDE-343B-46E2-AB22-21BE87476857}.Release|Any CPU.Build.0 = Release|Any CPU
	EndGlobalSection
	GlobalSection(SolutionProperties) = preSolution
		HideSolutionNode = FALSE
	EndGlobalSection
	GlobalSection(ExtensibilityGlobals) = postSolution
		SolutionGuid = {13DCA2FF-6570-4156-A23A-EF1661D635D9}
	EndGlobalSection
EndGlobal
